
Microsoft Visual Studio Solution File, Format Version 12.00
# Visual Studio Version 16
VisualStudioVersion = 16.0.30320.27
MinimumVisualStudioVersion = 10.0.40219.1
Project("{FAE04EC0-301F-11D3-BF4B-00C04F79EFBC}") = "IDE-PROYECTO1", "IDE-PROYECTO1.csproj", "{6358E291-191C-4475-8BD9-0233845427FC}"
EndProject
Global
	GlobalSection(SolutionConfigurationPlatforms) = preSolution
		Debug|Any CPU = Debug|Any CPU
		Release|Any CPU = Release|Any CPU
	EndGlobalSection
	GlobalSection(ProjectConfigurationPlatforms) = postSolution
		{6358E291-191C-4475-8BD9-0233845427FC}.Debug|Any CPU.ActiveCfg = Debug|Any CPU
		{6358E291-191C-4475-8BD9-0233845427FC}.Debug|Any CPU.Build.0 = Debug|Any CPU
		{6358E291-191C-4475-8BD9-0233845427FC}.Release|Any CPU.ActiveCfg = Release|Any CPU
		{6358E291-191C-4475-8BD9-0233845427FC}.Release|Any CPU.Build.0 = Release|Any CPU
	EndGlobalSection
	GlobalSection(SolutionProperties) = preSolution
		HideSolutionNode = FALSE
	EndGlobalSection
	GlobalSection(ExtensibilityGlobals) = postSolution
		SolutionGuid = {315B63FC-369B-4EDD-9E71-EDC20FC4F65A}
	EndGlobalSection
EndGlobal
